// !$*UTF8*$!
{
	archiveVersion = 1;
	classes = {
	};
	objectVersion = 55;
	objects = {

/* Begin PBXBuildFile section */
		EF994E8E27FBBB120052AF6B /* AppDelegate.swift in Sources */ = {isa = PBXBuildFile; fileRef = EF994E8D27FBBB120052AF6B /* AppDelegate.swift */; };
		EF994E9027FBBB120052AF6B /* SceneDelegate.swift in Sources */ = {isa = PBXBuildFile; fileRef = EF994E8F27FBBB120052AF6B /* SceneDelegate.swift */; };
		EF994E9227FBBB120052AF6B /* MainTabBarViewController.swift in Sources */ = {isa = PBXBuildFile; fileRef = EF994E9127FBBB120052AF6B /* MainTabBarViewController.swift */; };
		EF994E9727FBBB140052AF6B /* Assets.xcassets in Resources */ = {isa = PBXBuildFile; fileRef = EF994E9627FBBB140052AF6B /* Assets.xcassets */; };
		EF994E9A27FBBB140052AF6B /* LaunchScreen.storyboard in Resources */ = {isa = PBXBuildFile; fileRef = EF994E9827FBBB140052AF6B /* LaunchScreen.storyboard */; };
		EF994EA327FBBD570052AF6B /* HomeViewController.swift in Sources */ = {isa = PBXBuildFile; fileRef = EF994EA227FBBD570052AF6B /* HomeViewController.swift */; };
		EF994EA527FBBDB10052AF6B /* UpcomingViewController.swift in Sources */ = {isa = PBXBuildFile; fileRef = EF994EA427FBBDB10052AF6B /* UpcomingViewController.swift */; };
		EF994EA727FBBDD30052AF6B /* SearchViewController.swift in Sources */ = {isa = PBXBuildFile; fileRef = EF994EA627FBBDD30052AF6B /* SearchViewController.swift */; };
		EF994EA927FBBDF20052AF6B /* DownloadsViewController.swift in Sources */ = {isa = PBXBuildFile; fileRef = EF994EA827FBBDF20052AF6B /* DownloadsViewController.swift */; };
		EF994ED427FD0F2C0052AF6B /* CollectionViewTableViewCell.swift in Sources */ = {isa = PBXBuildFile; fileRef = EF994ED327FD0F2C0052AF6B /* CollectionViewTableViewCell.swift */; };
		EF994ED627FDC9230052AF6B /* HeroHeaderUIView.swift in Sources */ = {isa = PBXBuildFile; fileRef = EF994ED527FDC9230052AF6B /* HeroHeaderUIView.swift */; };
		EF994ED827FDDC430052AF6B /* APICaller.swift in Sources */ = {isa = PBXBuildFile; fileRef = EF994ED727FDDC430052AF6B /* APICaller.swift */; };
		EF994EDA27FDE15B0052AF6B /* Title.swift in Sources */ = {isa = PBXBuildFile; fileRef = EF994ED927FDE15B0052AF6B /* Title.swift */; };
		EF994EDC27FDE4680052AF6B /* Extensions.swift in Sources */ = {isa = PBXBuildFile; fileRef = EF994EDB27FDE4680052AF6B /* Extensions.swift */; };
		EF994EE027FE12900052AF6B /* TitleCollectionViewCell.swift in Sources */ = {isa = PBXBuildFile; fileRef = EF994EDF27FE12900052AF6B /* TitleCollectionViewCell.swift */; };
		EF994EE327FE14630052AF6B /* SDWebImage in Frameworks */ = {isa = PBXBuildFile; productRef = EF994EE227FE14630052AF6B /* SDWebImage */; };
		EF994EE527FE14630052AF6B /* SDWebImageMapKit in Frameworks */ = {isa = PBXBuildFile; productRef = EF994EE427FE14630052AF6B /* SDWebImageMapKit */; };
		EF994EE727FE22A90052AF6B /* TitleTableViewCell.swift in Sources */ = {isa = PBXBuildFile; fileRef = EF994EE627FE22A90052AF6B /* TitleTableViewCell.swift */; };
		EF994EE927FE250F0052AF6B /* TitleViewModel.swift in Sources */ = {isa = PBXBuildFile; fileRef = EF994EE827FE250F0052AF6B /* TitleViewModel.swift */; };
		EF994EEB27FE38DA0052AF6B /* SearchResultsViewController.swift in Sources */ = {isa = PBXBuildFile; fileRef = EF994EEA27FE38DA0052AF6B /* SearchResultsViewController.swift */; };
		EF994EEF27FE46930052AF6B /* YoutubeSearchResponse.swift in Sources */ = {isa = PBXBuildFile; fileRef = EF994EEE27FE46930052AF6B /* YoutubeSearchResponse.swift */; };
		EF994EF127FE4D960052AF6B /* TitlePreviewViewController.swift in Sources */ = {isa = PBXBuildFile; fileRef = EF994EF027FE4D960052AF6B /* TitlePreviewViewController.swift */; };
		EF994EF327FE51610052AF6B /* TitlePreviewViewModel.swift in Sources */ = {isa = PBXBuildFile; fileRef = EF994EF227FE51610052AF6B /* TitlePreviewViewModel.swift */; };
/* End PBXBuildFile section */

/* Begin PBXFileReference section */
		EF994E8A27FBBB120052AF6B /* Netflix Clone App.app */ = {isa = PBXFileReference; explicitFileType = wrapper.application; includeInIndex = 0; path = "Netflix Clone App.app"; sourceTree = BUILT_PRODUCTS_DIR; };
		EF994E8D27FBBB120052AF6B /* AppDelegate.swift */ = {isa = PBXFileReference; lastKnownFileType = sourcecode.swift; path = AppDelegate.swift; sourceTree = "<group>"; };
		EF994E8F27FBBB120052AF6B /* SceneDelegate.swift */ = {isa = PBXFileReference; lastKnownFileType = sourcecode.swift; path = SceneDelegate.swift; sourceTree = "<group>"; };
		EF994E9127FBBB120052AF6B /* MainTabBarViewController.swift */ = {isa = PBXFileReference; lastKnownFileType = sourcecode.swift; path = MainTabBarViewController.swift; sourceTree = "<group>"; };
		EF994E9627FBBB140052AF6B /* Assets.xcassets */ = {isa = PBXFileReference; lastKnownFileType = folder.assetcatalog; path = Assets.xcassets; sourceTree = "<group>"; };
		EF994E9927FBBB140052AF6B /* Base */ = {isa = PBXFileReference; lastKnownFileType = file.storyboard; name = Base; path = Base.lproj/LaunchScreen.storyboard; sourceTree = "<group>"; };
		EF994E9B27FBBB140052AF6B /* Info.plist */ = {isa = PBXFileReference; lastKnownFileType = text.plist.xml; path = Info.plist; sourceTree = "<group>"; };
		EF994EA227FBBD570052AF6B /* HomeViewController.swift */ = {isa = PBXFileReference; lastKnownFileType = sourcecode.swift; path = HomeViewController.swift; sourceTree = "<group>"; };
		EF994EA427FBBDB10052AF6B /* UpcomingViewController.swift */ = {isa = PBXFileReference; lastKnownFileType = sourcecode.swift; path = UpcomingViewController.swift; sourceTree = "<group>"; };
		EF994EA627FBBDD30052AF6B /* SearchViewController.swift */ = {isa = PBXFileReference; lastKnownFileType = sourcecode.swift; path = SearchViewController.swift; sourceTree = "<group>"; };
		EF994EA827FBBDF20052AF6B /* DownloadsViewController.swift */ = {isa = PBXFileReference; lastKnownFileType = sourcecode.swift; path = DownloadsViewController.swift; sourceTree = "<group>"; };
		EF994ED327FD0F2C0052AF6B /* CollectionViewTableViewCell.swift */ = {isa = PBXFileReference; lastKnownFileType = sourcecode.swift; path = CollectionViewTableViewCell.swift; sourceTree = "<group>"; };
		EF994ED527FDC9230052AF6B /* HeroHeaderUIView.swift */ = {isa = PBXFileReference; lastKnownFileType = sourcecode.swift; path = HeroHeaderUIView.swift; sourceTree = "<group>"; };
		EF994ED727FDDC430052AF6B /* APICaller.swift */ = {isa = PBXFileReference; lastKnownFileType = sourcecode.swift; path = APICaller.swift; sourceTree = "<group>"; };
		EF994ED927FDE15B0052AF6B /* Title.swift */ = {isa = PBXFileReference; lastKnownFileType = sourcecode.swift; path = Title.swift; sourceTree = "<group>"; };
		EF994EDB27FDE4680052AF6B /* Extensions.swift */ = {isa = PBXFileReference; lastKnownFileType = sourcecode.swift; path = Extensions.swift; sourceTree = "<group>"; };
		EF994EDF27FE12900052AF6B /* TitleCollectionViewCell.swift */ = {isa = PBXFileReference; lastKnownFileType = sourcecode.swift; path = TitleCollectionViewCell.swift; sourceTree = "<group>"; };
		EF994EE627FE22A90052AF6B /* TitleTableViewCell.swift */ = {isa = PBXFileReference; lastKnownFileType = sourcecode.swift; path = TitleTableViewCell.swift; sourceTree = "<group>"; };
		EF994EE827FE250F0052AF6B /* TitleViewModel.swift */ = {isa = PBXFileReference; lastKnownFileType = sourcecode.swift; path = TitleViewModel.swift; sourceTree = "<group>"; };
		EF994EEA27FE38DA0052AF6B /* SearchResultsViewController.swift */ = {isa = PBXFileReference; lastKnownFileType = sourcecode.swift; path = SearchResultsViewController.swift; sourceTree = "<group>"; };
		EF994EEE27FE46930052AF6B /* YoutubeSearchResponse.swift */ = {isa = PBXFileReference; lastKnownFileType = sourcecode.swift; path = YoutubeSearchResponse.swift; sourceTree = "<group>"; };
		EF994EF027FE4D960052AF6B /* TitlePreviewViewController.swift */ = {isa = PBXFileReference; lastKnownFileType = sourcecode.swift; path = TitlePreviewViewController.swift; sourceTree = "<group>"; };
		EF994EF227FE51610052AF6B /* TitlePreviewViewModel.swift */ = {isa = PBXFileReference; lastKnownFileType = sourcecode.swift; path = TitlePreviewViewModel.swift; sourceTree = "<group>"; };
/* End PBXFileReference section */

/* Begin PBXFrameworksBuildPhase section */
		EF994E8727FBBB120052AF6B /* Frameworks */ = {
			isa = PBXFrameworksBuildPhase;
			buildActionMask = 2147483647;
			files = (
				EF994EE527FE14630052AF6B /* SDWebImageMapKit in Frameworks */,
				EF994EE327FE14630052AF6B /* SDWebImage in Frameworks */,
			);
			runOnlyForDeploymentPostprocessing = 0;
		};
/* End PBXFrameworksBuildPhase section */

/* Begin PBXGroup section */
		EF994E8127FBBB120052AF6B = {
			isa = PBXGroup;
			children = (
				EF994E8C27FBBB120052AF6B /* Netflix Clone App */,
				EF994E8B27FBBB120052AF6B /* Products */,
			);
			sourceTree = "<group>";
		};
		EF994E8B27FBBB120052AF6B /* Products */ = {
			isa = PBXGroup;
			children = (
				EF994E8A27FBBB120052AF6B /* Netflix Clone App.app */,
			);
			name = Products;
			sourceTree = "<group>";
		};
		EF994E8C27FBBB120052AF6B /* Netflix Clone App */ = {
			isa = PBXGroup;
			children = (
				EF994ED227FD0EE80052AF6B /* Managers */,
				EF994ED127FD0EE10052AF6B /* Resources */,
				EF994ED027FD0EB40052AF6B /* Models */,
				EF994ECE27FD0E9E0052AF6B /* Views */,
				EF994ECF27FD0EAB0052AF6B /* ViewModels */,
				EF994EA127FBBD380052AF6B /* Controllers */,
				EF994E8D27FBBB120052AF6B /* AppDelegate.swift */,
				EF994E8F27FBBB120052AF6B /* SceneDelegate.swift */,
				EF994E9127FBBB120052AF6B /* MainTabBarViewController.swift */,
				EF994E9627FBBB140052AF6B /* Assets.xcassets */,
				EF994E9827FBBB140052AF6B /* LaunchScreen.storyboard */,
				EF994E9B27FBBB140052AF6B /* Info.plist */,
			);
			path = "Netflix Clone App";
			sourceTree = "<group>";
		};
		EF994EA127FBBD380052AF6B /* Controllers */ = {
			isa = PBXGroup;
			children = (
				EF994EED27FE391E0052AF6B /* General */,
				EF994EEC27FE390A0052AF6B /* Core */,
			);
			path = Controllers;
			sourceTree = "<group>";
		};
		EF994ECE27FD0E9E0052AF6B /* Views */ = {
			isa = PBXGroup;
			children = (
				EF994ED327FD0F2C0052AF6B /* CollectionViewTableViewCell.swift */,
				EF994ED527FDC9230052AF6B /* HeroHeaderUIView.swift */,
				EF994EDF27FE12900052AF6B /* TitleCollectionViewCell.swift */,
				EF994EE627FE22A90052AF6B /* TitleTableViewCell.swift */,
			);
			path = Views;
			sourceTree = "<group>";
		};
		EF994ECF27FD0EAB0052AF6B /* ViewModels */ = {
			isa = PBXGroup;
			children = (
				EF994EE827FE250F0052AF6B /* TitleViewModel.swift */,
				EF994EF227FE51610052AF6B /* TitlePreviewViewModel.swift */,
			);
			path = ViewModels;
			sourceTree = "<group>";
		};
		EF994ED027FD0EB40052AF6B /* Models */ = {
			isa = PBXGroup;
			children = (
				EF994ED927FDE15B0052AF6B /* Title.swift */,
				EF994EEE27FE46930052AF6B /* YoutubeSearchResponse.swift */,
			);
			path = Models;
			sourceTree = "<group>";
		};
		EF994ED127FD0EE10052AF6B /* Resources */ = {
			isa = PBXGroup;
			children = (
				EF994EDB27FDE4680052AF6B /* Extensions.swift */,
			);
			path = Resources;
			sourceTree = "<group>";
		};
		EF994ED227FD0EE80052AF6B /* Managers */ = {
			isa = PBXGroup;
			children = (
				EF994ED727FDDC430052AF6B /* APICaller.swift */,
			);
			path = Managers;
			sourceTree = "<group>";
		};
		EF994EEC27FE390A0052AF6B /* Core */ = {
			isa = PBXGroup;
			children = (
				EF994EA227FBBD570052AF6B /* HomeViewController.swift */,
				EF994EA427FBBDB10052AF6B /* UpcomingViewController.swift */,
				EF994EA627FBBDD30052AF6B /* SearchViewController.swift */,
				EF994EA827FBBDF20052AF6B /* DownloadsViewController.swift */,
			);
			path = Core;
			sourceTree = "<group>";
		};
		EF994EED27FE391E0052AF6B /* General */ = {
			isa = PBXGroup;
			children = (
				EF994EEA27FE38DA0052AF6B /* SearchResultsViewController.swift */,
				EF994EF027FE4D960052AF6B /* TitlePreviewViewController.swift */,
			);
			path = General;
			sourceTree = "<group>";
		};
/* End PBXGroup section */

/* Begin PBXNativeTarget section */
		EF994E8927FBBB120052AF6B /* Netflix Clone App */ = {
			isa = PBXNativeTarget;
			buildConfigurationList = EF994E9E27FBBB140052AF6B /* Build configuration list for PBXNativeTarget "Netflix Clone App" */;
			buildPhases = (
				EF994E8627FBBB120052AF6B /* Sources */,
				EF994E8727FBBB120052AF6B /* Frameworks */,
				EF994E8827FBBB120052AF6B /* Resources */,
			);
			buildRules = (
			);
			dependencies = (
			);
			name = "Netflix Clone App";
			packageProductDependencies = (
				EF994EE227FE14630052AF6B /* SDWebImage */,
				EF994EE427FE14630052AF6B /* SDWebImageMapKit */,
			);
			productName = "Netflix Clone App";
			productReference = EF994E8A27FBBB120052AF6B /* Netflix Clone App.app */;
			productType = "com.apple.product-type.application";
		};
/* End PBXNativeTarget section */

/* Begin PBXProject section */
		EF994E8227FBBB120052AF6B /* Project object */ = {
			isa = PBXProject;
			attributes = {
				BuildIndependentTargetsInParallel = 1;
				LastSwiftUpdateCheck = 1330;
				LastUpgradeCheck = 1330;
				TargetAttributes = {
					EF994E8927FBBB120052AF6B = {
						CreatedOnToolsVersion = 13.3;
					};
				};
			};
			buildConfigurationList = EF994E8527FBBB120052AF6B /* Build configuration list for PBXProject "Netflix Clone App" */;
			compatibilityVersion = "Xcode 13.0";
			developmentRegion = en;
			hasScannedForEncodings = 0;
			knownRegions = (
				en,
				Base,
			);
			mainGroup = EF994E8127FBBB120052AF6B;
			packageReferences = (
				EF994EE127FE14630052AF6B /* XCRemoteSwiftPackageReference "SDWebImage" */,
			);
			productRefGroup = EF994E8B27FBBB120052AF6B /* Products */;
			projectDirPath = "";
			projectRoot = "";
			targets = (
				EF994E8927FBBB120052AF6B /* Netflix Clone App */,
			);
		};
/* End PBXProject section */

/* Begin PBXResourcesBuildPhase section */
		EF994E8827FBBB120052AF6B /* Resources */ = {
			isa = PBXResourcesBuildPhase;
			buildActionMask = 2147483647;
			files = (
				EF994E9A27FBBB140052AF6B /* LaunchScreen.storyboard in Resources */,
				EF994E9727FBBB140052AF6B /* Assets.xcassets in Resources */,
			);
			runOnlyForDeploymentPostprocessing = 0;
		};
/* End PBXResourcesBuildPhase section */

/* Begin PBXSourcesBuildPhase section */
		EF994E8627FBBB120052AF6B /* Sources */ = {
			isa = PBXSourcesBuildPhase;
			buildActionMask = 2147483647;
			files = (
				EF994EE727FE22A90052AF6B /* TitleTableViewCell.swift in Sources */,
				EF994EA727FBBDD30052AF6B /* SearchViewController.swift in Sources */,
				EF994EE027FE12900052AF6B /* TitleCollectionViewCell.swift in Sources */,
				EF994E9227FBBB120052AF6B /* MainTabBarViewController.swift in Sources */,
				EF994ED427FD0F2C0052AF6B /* CollectionViewTableViewCell.swift in Sources */,
				EF994ED827FDDC430052AF6B /* APICaller.swift in Sources */,
				EF994ED627FDC9230052AF6B /* HeroHeaderUIView.swift in Sources */,
				EF994EA927FBBDF20052AF6B /* DownloadsViewController.swift in Sources */,
				EF994E8E27FBBB120052AF6B /* AppDelegate.swift in Sources */,
				EF994EEB27FE38DA0052AF6B /* SearchResultsViewController.swift in Sources */,
				EF994EDC27FDE4680052AF6B /* Extensions.swift in Sources */,
				EF994EEF27FE46930052AF6B /* YoutubeSearchResponse.swift in Sources */,
				EF994E9027FBBB120052AF6B /* SceneDelegate.swift in Sources */,
				EF994EF327FE51610052AF6B /* TitlePreviewViewModel.swift in Sources */,
				EF994EA527FBBDB10052AF6B /* UpcomingViewController.swift in Sources */,
				EF994EF127FE4D960052AF6B /* TitlePreviewViewController.swift in Sources */,
				EF994EDA27FDE15B0052AF6B /* Title.swift in Sources */,
				EF994EA327FBBD570052AF6B /* HomeViewController.swift in Sources */,
				EF994EE927FE250F0052AF6B /* TitleViewModel.swift in Sources */,
			);
			runOnlyForDeploymentPostprocessing = 0;
		};
/* End PBXSourcesBuildPhase section */

/* Begin PBXVariantGroup section */
		EF994E9827FBBB140052AF6B /* LaunchScreen.storyboard */ = {
			isa = PBXVariantGroup;
			children = (
				EF994E9927FBBB140052AF6B /* Base */,
			);
			name = LaunchScreen.storyboard;
			sourceTree = "<group>";
		};
/* End PBXVariantGroup section */

/* Begin XCBuildConfiguration section */
		EF994E9C27FBBB140052AF6B /* Debug */ = {
			isa = XCBuildConfiguration;
			buildSettings = {
				ALWAYS_SEARCH_USER_PATHS = NO;
				CLANG_ANALYZER_NONNULL = YES;
				CLANG_ANALYZER_NUMBER_OBJECT_CONVERSION = YES_AGGRESSIVE;
				CLANG_CXX_LANGUAGE_STANDARD = "gnu++17";
				CLANG_ENABLE_MODULES = YES;
				CLANG_ENABLE_OBJC_ARC = YES;
				CLANG_ENABLE_OBJC_WEAK = YES;
				CLANG_WARN_BLOCK_CAPTURE_AUTORELEASING = YES;
				CLANG_WARN_BOOL_CONVERSION = YES;
				CLANG_WARN_COMMA = YES;
				CLANG_WARN_CONSTANT_CONVERSION = YES;
				CLANG_WARN_DEPRECATED_OBJC_IMPLEMENTATIONS = YES;
				CLANG_WARN_DIRECT_OBJC_ISA_USAGE = YES_ERROR;
				CLANG_WARN_DOCUMENTATION_COMMENTS = YES;
				CLANG_WARN_EMPTY_BODY = YES;
				CLANG_WARN_ENUM_CONVERSION = YES;
				CLANG_WARN_INFINITE_RECURSION = YES;
				CLANG_WARN_INT_CONVERSION = YES;
				CLANG_WARN_NON_LITERAL_NULL_CONVERSION = YES;
				CLANG_WARN_OBJC_IMPLICIT_RETAIN_SELF = YES;
				CLANG_WARN_OBJC_LITERAL_CONVERSION = YES;
				CLANG_WARN_OBJC_ROOT_CLASS = YES_ERROR;
				CLANG_WARN_QUOTED_INCLUDE_IN_FRAMEWORK_HEADER = YES;
				CLANG_WARN_RANGE_LOOP_ANALYSIS = YES;
				CLANG_WARN_STRICT_PROTOTYPES = YES;
				CLANG_WARN_SUSPICIOUS_MOVE = YES;
				CLANG_WARN_UNGUARDED_AVAILABILITY = YES_AGGRESSIVE;
				CLANG_WARN_UNREACHABLE_CODE = YES;
				CLANG_WARN__DUPLICATE_METHOD_MATCH = YES;
				COPY_PHASE_STRIP = NO;
				DEBUG_INFORMATION_FORMAT = dwarf;
				ENABLE_STRICT_OBJC_MSGSEND = YES;
				ENABLE_TESTABILITY = YES;
				GCC_C_LANGUAGE_STANDARD = gnu11;
				GCC_DYNAMIC_NO_PIC = NO;
				GCC_NO_COMMON_BLOCKS = YES;
				GCC_OPTIMIZATION_LEVEL = 0;
				GCC_PREPROCESSOR_DEFINITIONS = (
					"DEBUG=1",
					"$(inherited)",
				);
				GCC_WARN_64_TO_32_BIT_CONVERSION = YES;
				GCC_WARN_ABOUT_RETURN_TYPE = YES_ERROR;
				GCC_WARN_UNDECLARED_SELECTOR = YES;
				GCC_WARN_UNINITIALIZED_AUTOS = YES_AGGRESSIVE;
				GCC_WARN_UNUSED_FUNCTION = YES;
				GCC_WARN_UNUSED_VARIABLE = YES;
				IPHONEOS_DEPLOYMENT_TARGET = 15.4;
				MTL_ENABLE_DEBUG_INFO = INCLUDE_SOURCE;
				MTL_FAST_MATH = YES;
				ONLY_ACTIVE_ARCH = YES;
				SDKROOT = iphoneos;
				SWIFT_ACTIVE_COMPILATION_CONDITIONS = DEBUG;
				SWIFT_OPTIMIZATION_LEVEL = "-Onone";
			};
			name = Debug;
		};
		EF994E9D27FBBB140052AF6B /* Release */ = {
			isa = XCBuildConfiguration;
			buildSettings = {
				ALWAYS_SEARCH_USER_PATHS = NO;
				CLANG_ANALYZER_NONNULL = YES;
				CLANG_ANALYZER_NUMBER_OBJECT_CONVERSION = YES_AGGRESSIVE;
				CLANG_CXX_LANGUAGE_STANDARD = "gnu++17";
				CLANG_ENABLE_MODULES = YES;
				CLANG_ENABLE_OBJC_ARC = YES;
				CLANG_ENABLE_OBJC_WEAK = YES;
				CLANG_WARN_BLOCK_CAPTURE_AUTORELEASING = YES;
				CLANG_WARN_BOOL_CONVERSION = YES;
				CLANG_WARN_COMMA = YES;
				CLANG_WARN_CONSTANT_CONVERSION = YES;
				CLANG_WARN_DEPRECATED_OBJC_IMPLEMENTATIONS = YES;
				CLANG_WARN_DIRECT_OBJC_ISA_USAGE = YES_ERROR;
				CLANG_WARN_DOCUMENTATION_COMMENTS = YES;
				CLANG_WARN_EMPTY_BODY = YES;
				CLANG_WARN_ENUM_CONVERSION = YES;
				CLANG_WARN_INFINITE_RECURSION = YES;
				CLANG_WARN_INT_CONVERSION = YES;
				CLANG_WARN_NON_LITERAL_NULL_CONVERSION = YES;
				CLANG_WARN_OBJC_IMPLICIT_RETAIN_SELF = YES;
				CLANG_WARN_OBJC_LITERAL_CONVERSION = YES;
				CLANG_WARN_OBJC_ROOT_CLASS = YES_ERROR;
				CLANG_WARN_QUOTED_INCLUDE_IN_FRAMEWORK_HEADER = YES;
				CLANG_WARN_RANGE_LOOP_ANALYSIS = YES;
				CLANG_WARN_STRICT_PROTOTYPES = YES;
				CLANG_WARN_SUSPICIOUS_MOVE = YES;
				CLANG_WARN_UNGUARDED_AVAILABILITY = YES_AGGRESSIVE;
				CLANG_WARN_UNREACHABLE_CODE = YES;
				CLANG_WARN__DUPLICATE_METHOD_MATCH = YES;
				COPY_PHASE_STRIP = NO;
				DEBUG_INFORMATION_FORMAT = "dwarf-with-dsym";
				ENABLE_NS_ASSERTIONS = NO;
				ENABLE_STRICT_OBJC_MSGSEND = YES;
				GCC_C_LANGUAGE_STANDARD = gnu11;
				GCC_NO_COMMON_BLOCKS = YES;
				GCC_WARN_64_TO_32_BIT_CONVERSION = YES;
				GCC_WARN_ABOUT_RETURN_TYPE = YES_ERROR;
				GCC_WARN_UNDECLARED_SELECTOR = YES;
				GCC_WARN_UNINITIALIZED_AUTOS = YES_AGGRESSIVE;
				GCC_WARN_UNUSED_FUNCTION = YES;
				GCC_WARN_UNUSED_VARIABLE = YES;
				IPHONEOS_DEPLOYMENT_TARGET = 15.4;
				MTL_ENABLE_DEBUG_INFO = NO;
				MTL_FAST_MATH = YES;
				SDKROOT = iphoneos;
				SWIFT_COMPILATION_MODE = wholemodule;
				SWIFT_OPTIMIZATION_LEVEL = "-O";
				VALIDATE_PRODUCT = YES;
			};
			name = Release;
		};
		EF994E9F27FBBB140052AF6B /* Debug */ = {
			isa = XCBuildConfiguration;
			buildSettings = {
				ASSETCATALOG_COMPILER_APPICON_NAME = AppIcon;
				ASSETCATALOG_COMPILER_GLOBAL_ACCENT_COLOR_NAME = AccentColor;
				CODE_SIGN_STYLE = Automatic;
				CURRENT_PROJECT_VERSION = 1;
				GENERATE_INFOPLIST_FILE = YES;
				INFOPLIST_FILE = "Netflix Clone App/Info.plist";
				INFOPLIST_KEY_UIApplicationSupportsIndirectInputEvents = YES;
				INFOPLIST_KEY_UILaunchStoryboardName = LaunchScreen;
				INFOPLIST_KEY_UISupportedInterfaceOrientations_iPad = "UIInterfaceOrientationPortrait UIInterfaceOrientationPortraitUpsideDown UIInterfaceOrientationLandscapeLeft UIInterfaceOrientationLandscapeRight";
				INFOPLIST_KEY_UISupportedInterfaceOrientations_iPhone = "UIInterfaceOrientationPortrait UIInterfaceOrientationLandscapeLeft UIInterfaceOrientationLandscapeRight";
				LD_RUNPATH_SEARCH_PATHS = (
					"$(inherited)",
					"@executable_path/Frameworks",
				);
				MARKETING_VERSION = 1.0;
				PRODUCT_BUNDLE_IDENTIFIER = "com.kamilzachara.Netflix-Clone-App";
				PRODUCT_NAME = "$(TARGET_NAME)";
				SWIFT_EMIT_LOC_STRINGS = YES;
				SWIFT_VERSION = 5.0;
				TARGETED_DEVICE_FAMILY = "1,2";
			};
			name = Debug;
		};
		EF994EA027FBBB140052AF6B /* Release */ = {
			isa = XCBuildConfiguration;
			buildSettings = {
				ASSETCATALOG_COMPILER_APPICON_NAME = AppIcon;
				ASSETCATALOG_COMPILER_GLOBAL_ACCENT_COLOR_NAME = AccentColor;
				CODE_SIGN_STYLE = Automatic;
				CURRENT_PROJECT_VERSION = 1;
				GENERATE_INFOPLIST_FILE = YES;
				INFOPLIST_FILE = "Netflix Clone App/Info.plist";
				INFOPLIST_KEY_UIApplicationSupportsIndirectInputEvents = YES;
				INFOPLIST_KEY_UILaunchStoryboardName = LaunchScreen;
				INFOPLIST_KEY_UISupportedInterfaceOrientations_iPad = "UIInterfaceOrientationPortrait UIInterfaceOrientationPortraitUpsideDown UIInterfaceOrientationLandscapeLeft UIInterfaceOrientationLandscapeRight";
				INFOPLIST_KEY_UISupportedInterfaceOrientations_iPhone = "UIInterfaceOrientationPortrait UIInterfaceOrientationLandscapeLeft UIInterfaceOrientationLandscapeRight";
				LD_RUNPATH_SEARCH_PATHS = (
					"$(inherited)",
					"@executable_path/Frameworks",
				);
				MARKETING_VERSION = 1.0;
				PRODUCT_BUNDLE_IDENTIFIER = "com.kamilzachara.Netflix-Clone-App";
				PRODUCT_NAME = "$(TARGET_NAME)";
				SWIFT_EMIT_LOC_STRINGS = YES;
				SWIFT_VERSION = 5.0;
				TARGETED_DEVICE_FAMILY = "1,2";
			};
			name = Release;
		};
/* End XCBuildConfiguration section */

/* Begin XCConfigurationList section */
		EF994E8527FBBB120052AF6B /* Build configuration list for PBXProject "Netflix Clone App" */ = {
			isa = XCConfigurationList;
			buildConfigurations = (
				EF994E9C27FBBB140052AF6B /* Debug */,
				EF994E9D27FBBB140052AF6B /* Release */,
			);
			defaultConfigurationIsVisible = 0;
			defaultConfigurationName = Release;
		};
		EF994E9E27FBBB140052AF6B /* Build configuration list for PBXNativeTarget "Netflix Clone App" */ = {
			isa = XCConfigurationList;
			buildConfigurations = (
				EF994E9F27FBBB140052AF6B /* Debug */,
				EF994EA027FBBB140052AF6B /* Release */,
			);
			defaultConfigurationIsVisible = 0;
			defaultConfigurationName = Release;
		};
/* End XCConfigurationList section */

/* Begin XCRemoteSwiftPackageReference section */
		EF994EE127FE14630052AF6B /* XCRemoteSwiftPackageReference "SDWebImage" */ = {
			isa = XCRemoteSwiftPackageReference;
			repositoryURL = "https://github.com/SDWebImage/SDWebImage.git";
			requirement = {
				kind = upToNextMajorVersion;
				minimumVersion = 5.0.0;
			};
		};
/* End XCRemoteSwiftPackageReference section */

/* Begin XCSwiftPackageProductDependency section */
		EF994EE227FE14630052AF6B /* SDWebImage */ = {
			isa = XCSwiftPackageProductDependency;
			package = EF994EE127FE14630052AF6B /* XCRemoteSwiftPackageReference "SDWebImage" */;
			productName = SDWebImage;
		};
		EF994EE427FE14630052AF6B /* SDWebImageMapKit */ = {
			isa = XCSwiftPackageProductDependency;
			package = EF994EE127FE14630052AF6B /* XCRemoteSwiftPackageReference "SDWebImage" */;
			productName = SDWebImageMapKit;
		};
/* End XCSwiftPackageProductDependency section */
	};
	rootObject = EF994E8227FBBB120052AF6B /* Project object */;
}
